// !$*UTF8*$!
{
	archiveVersion = 1;
	classes = {
	};
	objectVersion = 50;
	objects = {

/* Begin PBXBuildFile section */
		0035A3742264A36F00B03ACC /* AppDelegate.swift in Sources */ = {isa = PBXBuildFile; fileRef = 0035A3732264A36F00B03ACC /* AppDelegate.swift */; };
		0035A3762264A37000B03ACC /* ViewController.swift in Sources */ = {isa = PBXBuildFile; fileRef = 0035A3752264A37000B03ACC /* ViewController.swift */; };
		0035A3792264A37000B03ACC /* Main.storyboard in Resources */ = {isa = PBXBuildFile; fileRef = 0035A3772264A37000B03ACC /* Main.storyboard */; };
		0035A37B2264A37000B03ACC /* Assets.xcassets in Resources */ = {isa = PBXBuildFile; fileRef = 0035A37A2264A37000B03ACC /* Assets.xcassets */; };
		0035A37E2264A37000B03ACC /* LaunchScreen.storyboard in Resources */ = {isa = PBXBuildFile; fileRef = 0035A37C2264A37000B03ACC /* LaunchScreen.storyboard */; };
		0035A3862264A38900B03ACC /* NetworkingTool.swift in Sources */ = {isa = PBXBuildFile; fileRef = 0035A3852264A38900B03ACC /* NetworkingTool.swift */; };
		0035A3892264A46D00B03ACC /* BaseResponse.swift in Sources */ = {isa = PBXBuildFile; fileRef = 0035A3882264A46D00B03ACC /* BaseResponse.swift */; };
		22367C86AB39B7A1CF720AF4 /* Pods_NetWorkingTool.framework in Frameworks */ = {isa = PBXBuildFile; fileRef = 6F4B8C810521D265BF26A406 /* Pods_NetWorkingTool.framework */; };
/* End PBXBuildFile section */

/* Begin PBXFileReference section */
		0035A3702264A36F00B03ACC /* NetWorkingTool.app */ = {isa = PBXFileReference; explicitFileType = wrapper.application; includeInIndex = 0; path = NetWorkingTool.app; sourceTree = BUILT_PRODUCTS_DIR; };
		0035A3732264A36F00B03ACC /* AppDelegate.swift */ = {isa = PBXFileReference; lastKnownFileType = sourcecode.swift; path = AppDelegate.swift; sourceTree = "<group>"; };
		0035A3752264A37000B03ACC /* ViewController.swift */ = {isa = PBXFileReference; lastKnownFileType = sourcecode.swift; path = ViewController.swift; sourceTree = "<group>"; };
		0035A3782264A37000B03ACC /* Base */ = {isa = PBXFileReference; lastKnownFileType = file.storyboard; name = Base; path = Base.lproj/Main.storyboard; sourceTree = "<group>"; };
		0035A37A2264A37000B03ACC /* Assets.xcassets */ = {isa = PBXFileReference; lastKnownFileType = folder.assetcatalog; path = Assets.xcassets; sourceTree = "<group>"; };
		0035A37D2264A37000B03ACC /* Base */ = {isa = PBXFileReference; lastKnownFileType = file.storyboard; name = Base; path = Base.lproj/LaunchScreen.storyboard; sourceTree = "<group>"; };
		0035A37F2264A37000B03ACC /* Info.plist */ = {isa = PBXFileReference; lastKnownFileType = text.plist.xml; path = Info.plist; sourceTree = "<group>"; };
		0035A3852264A38900B03ACC /* NetworkingTool.swift */ = {isa = PBXFileReference; lastKnownFileType = sourcecode.swift; path = NetworkingTool.swift; sourceTree = "<group>"; };
		0035A3882264A46D00B03ACC /* BaseResponse.swift */ = {isa = PBXFileReference; lastKnownFileType = sourcecode.swift; path = BaseResponse.swift; sourceTree = "<group>"; };
		3A7BE9861A41B2AD13F4D3C1 /* Pods-NetWorkingTool.release.xcconfig */ = {isa = PBXFileReference; includeInIndex = 1; lastKnownFileType = text.xcconfig; name = "Pods-NetWorkingTool.release.xcconfig"; path = "Pods/Target Support Files/Pods-NetWorkingTool/Pods-NetWorkingTool.release.xcconfig"; sourceTree = "<group>"; };
		6F4B8C810521D265BF26A406 /* Pods_NetWorkingTool.framework */ = {isa = PBXFileReference; explicitFileType = wrapper.framework; includeInIndex = 0; path = Pods_NetWorkingTool.framework; sourceTree = BUILT_PRODUCTS_DIR; };
		A90775DD809CAE0208DA5134 /* Pods-NetWorkingTool.debug.xcconfig */ = {isa = PBXFileReference; includeInIndex = 1; lastKnownFileType = text.xcconfig; name = "Pods-NetWorkingTool.debug.xcconfig"; path = "Pods/Target Support Files/Pods-NetWorkingTool/Pods-NetWorkingTool.debug.xcconfig"; sourceTree = "<group>"; };
/* End PBXFileReference section */

/* Begin PBXFrameworksBuildPhase section */
		0035A36D2264A36F00B03ACC /* Frameworks */ = {
			isa = PBXFrameworksBuildPhase;
			buildActionMask = 2147483647;
			files = (
				22367C86AB39B7A1CF720AF4 /* Pods_NetWorkingTool.framework in Frameworks */,
			);
			runOnlyForDeploymentPostprocessing = 0;
		};
/* End PBXFrameworksBuildPhase section */

/* Begin PBXGroup section */
		0035A3672264A36F00B03ACC = {
			isa = PBXGroup;
			children = (
				0035A3722264A36F00B03ACC /* NetWorkingTool */,
				0035A3712264A36F00B03ACC /* Products */,
				3375D356DC41718E3295A0A4 /* Pods */,
				875C10E025E92031DA80923E /* Frameworks */,
			);
			sourceTree = "<group>";
		};
		0035A3712264A36F00B03ACC /* Products */ = {
			isa = PBXGroup;
			children = (
				0035A3702264A36F00B03ACC /* NetWorkingTool.app */,
			);
			name = Products;
			sourceTree = "<group>";
		};
		0035A3722264A36F00B03ACC /* NetWorkingTool */ = {
			isa = PBXGroup;
			children = (
				0035A3872264A44A00B03ACC /* NetworkingTool */,
				0035A3732264A36F00B03ACC /* AppDelegate.swift */,
				0035A3752264A37000B03ACC /* ViewController.swift */,
				0035A3772264A37000B03ACC /* Main.storyboard */,
				0035A37A2264A37000B03ACC /* Assets.xcassets */,
				0035A37C2264A37000B03ACC /* LaunchScreen.storyboard */,
				0035A37F2264A37000B03ACC /* Info.plist */,
			);
			path = NetWorkingTool;
			sourceTree = "<group>";
		};
		0035A3872264A44A00B03ACC /* NetworkingTool */ = {
			isa = PBXGroup;
			children = (
				0035A3852264A38900B03ACC /* NetworkingTool.swift */,
				0035A3882264A46D00B03ACC /* BaseResponse.swift */,
			);
			path = NetworkingTool;
			sourceTree = "<group>";
		};
		3375D356DC41718E3295A0A4 /* Pods */ = {
			isa = PBXGroup;
			children = (
				A90775DD809CAE0208DA5134 /* Pods-NetWorkingTool.debug.xcconfig */,
				3A7BE9861A41B2AD13F4D3C1 /* Pods-NetWorkingTool.release.xcconfig */,
			);
			name = Pods;
			sourceTree = "<group>";
		};
		875C10E025E92031DA80923E /* Frameworks */ = {
			isa = PBXGroup;
			children = (
				6F4B8C810521D265BF26A406 /* Pods_NetWorkingTool.framework */,
			);
			name = Frameworks;
			sourceTree = "<group>";
		};
/* End PBXGroup section */

/* Begin PBXNativeTarget section */
		0035A36F2264A36F00B03ACC /* NetWorkingTool */ = {
			isa = PBXNativeTarget;
			buildConfigurationList = 0035A3822264A37000B03ACC /* Build configuration list for PBXNativeTarget "NetWorkingTool" */;
			buildPhases = (
				4E58C615769F744186EA3828 /* [CP] Check Pods Manifest.lock */,
				0035A36C2264A36F00B03ACC /* Sources */,
				0035A36D2264A36F00B03ACC /* Frameworks */,
				0035A36E2264A36F00B03ACC /* Resources */,
				950ADFF88786283FB0E85885 /* [CP] Embed Pods Frameworks */,
			);
			buildRules = (
			);
			dependencies = (
			);
			name = NetWorkingTool;
			productName = NetWorkingTool;
			productReference = 0035A3702264A36F00B03ACC /* NetWorkingTool.app */;
			productType = "com.apple.product-type.application";
		};
/* End PBXNativeTarget section */

/* Begin PBXProject section */
		0035A3682264A36F00B03ACC /* Project object */ = {
			isa = PBXProject;
			attributes = {
				LastSwiftUpdateCheck = 1010;
				LastUpgradeCheck = 1010;
				ORGANIZATIONNAME = edz;
				TargetAttributes = {
					0035A36F2264A36F00B03ACC = {
						CreatedOnToolsVersion = 10.1;
					};
				};
			};
			buildConfigurationList = 0035A36B2264A36F00B03ACC /* Build configuration list for PBXProject "NetWorkingTool" */;
			compatibilityVersion = "Xcode 9.3";
			developmentRegion = en;
			hasScannedForEncodings = 0;
			knownRegions = (
				en,
				Base,
			);
			mainGroup = 0035A3672264A36F00B03ACC;
			productRefGroup = 0035A3712264A36F00B03ACC /* Products */;
			projectDirPath = "";
			projectRoot = "";
			targets = (
				0035A36F2264A36F00B03ACC /* NetWorkingTool */,
			);
		};
/* End PBXProject section */

/* Begin PBXResourcesBuildPhase section */
		0035A36E2264A36F00B03ACC /* Resources */ = {
			isa = PBXResourcesBuildPhase;
			buildActionMask = 2147483647;
			files = (
				0035A37E2264A37000B03ACC /* LaunchScreen.storyboard in Resources */,
				0035A37B2264A37000B03ACC /* Assets.xcassets in Resources */,
				0035A3792264A37000B03ACC /* Main.storyboard in Resources */,
			);
			runOnlyForDeploymentPostprocessing = 0;
		};
/* End PBXResourcesBuildPhase section */

/* Begin PBXShellScriptBuildPhase section */
		4E58C615769F744186EA3828 /* [CP] Check Pods Manifest.lock */ = {
			isa = PBXShellScriptBuildPhase;
			buildActionMask = 2147483647;
			files = (
			);
			inputFileListPaths = (
			);
			inputPaths = (
				"${PODS_PODFILE_DIR_PATH}/Podfile.lock",
				"${PODS_ROOT}/Manifest.lock",
			);
			name = "[CP] Check Pods Manifest.lock";
			outputFileListPaths = (
			);
			outputPaths = (
				"$(DERIVED_FILE_DIR)/Pods-NetWorkingTool-checkManifestLockResult.txt",
			);
			runOnlyForDeploymentPostprocessing = 0;
			shellPath = /bin/sh;
			shellScript = "diff \"${PODS_PODFILE_DIR_PATH}/Podfile.lock\" \"${PODS_ROOT}/Manifest.lock\" > /dev/null\nif [ $? != 0 ] ; then\n    # print error to STDERR\n    echo \"error: The sandbox is not in sync with the Podfile.lock. Run 'pod install' or update your CocoaPods installation.\" >&2\n    exit 1\nfi\n# This output is used by Xcode 'outputs' to avoid re-running this script phase.\necho \"SUCCESS\" > \"${SCRIPT_OUTPUT_FILE_0}\"\n";
			showEnvVarsInLog = 0;
		};
		950ADFF88786283FB0E85885 /* [CP] Embed Pods Frameworks */ = {
			isa = PBXShellScriptBuildPhase;
			buildActionMask = 2147483647;
			files = (
			);
			inputFileListPaths = (
			);
			inputPaths = (
				"${SRCROOT}/Pods/Target Support Files/Pods-NetWorkingTool/Pods-NetWorkingTool-frameworks.sh",
				"${BUILT_PRODUCTS_DIR}/Alamofire/Alamofire.framework",
				"${BUILT_PRODUCTS_DIR}/HandyJSON/HandyJSON.framework",
			);
			name = "[CP] Embed Pods Frameworks";
			outputFileListPaths = (
			);
			outputPaths = (
				"${TARGET_BUILD_DIR}/${FRAMEWORKS_FOLDER_PATH}/Alamofire.framework",
				"${TARGET_BUILD_DIR}/${FRAMEWORKS_FOLDER_PATH}/HandyJSON.framework",
			);
			runOnlyForDeploymentPostprocessing = 0;
			shellPath = /bin/sh;
			shellScript = "\"${SRCROOT}/Pods/Target Support Files/Pods-NetWorkingTool/Pods-NetWorkingTool-frameworks.sh\"\n";
			showEnvVarsInLog = 0;
		};
/* End PBXShellScriptBuildPhase section */

/* Begin PBXSourcesBuildPhase section */
		0035A36C2264A36F00B03ACC /* Sources */ = {
			isa = PBXSourcesBuildPhase;
			buildActionMask = 2147483647;
			files = (
				0035A3762264A37000B03ACC /* ViewController.swift in Sources */,
				0035A3862264A38900B03ACC /* NetworkingTool.swift in Sources */,
				0035A3742264A36F00B03ACC /* AppDelegate.swift in Sources */,
				0035A3892264A46D00B03ACC /* BaseResponse.swift in Sources */,
			);
			runOnlyForDeploymentPostprocessing = 0;
		};
/* End PBXSourcesBuildPhase section */

/* Begin PBXVariantGroup section */
		0035A3772264A37000B03ACC /* Main.storyboard */ = {
			isa = PBXVariantGroup;
			children = (
				0035A3782264A37000B03ACC /* Base */,
			);
			name = Main.storyboard;
			sourceTree = "<group>";
		};
		0035A37C2264A37000B03ACC /* LaunchScreen.storyboard */ = {
			isa = PBXVariantGroup;
			children = (
				0035A37D2264A37000B03ACC /* Base */,
			);
			name = LaunchScreen.storyboard;
			sourceTree = "<group>";
		};
/* End PBXVariantGroup section */

/* Begin XCBuildConfiguration section */
		0035A3802264A37000B03ACC /* Debug */ = {
			isa = XCBuildConfiguration;
			buildSettings = {
				ALWAYS_SEARCH_USER_PATHS = NO;
				CLANG_ANALYZER_NONNULL = YES;
				CLANG_ANALYZER_NUMBER_OBJECT_CONVERSION = YES_AGGRESSIVE;
				CLANG_CXX_LANGUAGE_STANDARD = "gnu++14";
				CLANG_CXX_LIBRARY = "libc++";
				CLANG_ENABLE_MODULES = YES;
				CLANG_ENABLE_OBJC_ARC = YES;
				CLANG_ENABLE_OBJC_WEAK = YES;
				CLANG_WARN_BLOCK_CAPTURE_AUTORELEASING = YES;
				CLANG_WARN_BOOL_CONVERSION = YES;
				CLANG_WARN_COMMA = YES;
				CLANG_WARN_CONSTANT_CONVERSION = YES;
				CLANG_WARN_DEPRECATED_OBJC_IMPLEMENTATIONS = YES;
				CLANG_WARN_DIRECT_OBJC_ISA_USAGE = YES_ERROR;
				CLANG_WARN_DOCUMENTATION_COMMENTS = YES;
				CLANG_WARN_EMPTY_BODY = YES;
				CLANG_WARN_ENUM_CONVERSION = YES;
				CLANG_WARN_INFINITE_RECURSION = YES;
				CLANG_WARN_INT_CONVERSION = YES;
				CLANG_WARN_NON_LITERAL_NULL_CONVERSION = YES;
				CLANG_WARN_OBJC_IMPLICIT_RETAIN_SELF = YES;
				CLANG_WARN_OBJC_LITERAL_CONVERSION = YES;
				CLANG_WARN_OBJC_ROOT_CLASS = YES_ERROR;
				CLANG_WARN_RANGE_LOOP_ANALYSIS = YES;
				CLANG_WARN_STRICT_PROTOTYPES = YES;
				CLANG_WARN_SUSPICIOUS_MOVE = YES;
				CLANG_WARN_UNGUARDED_AVAILABILITY = YES_AGGRESSIVE;
				CLANG_WARN_UNREACHABLE_CODE = YES;
				CLANG_WARN__DUPLICATE_METHOD_MATCH = YES;
				CODE_SIGN_IDENTITY = "iPhone Developer";
				COPY_PHASE_STRIP = NO;
				DEBUG_INFORMATION_FORMAT = dwarf;
				ENABLE_STRICT_OBJC_MSGSEND = YES;
				ENABLE_TESTABILITY = YES;
				GCC_C_LANGUAGE_STANDARD = gnu11;
				GCC_DYNAMIC_NO_PIC = NO;
				GCC_NO_COMMON_BLOCKS = YES;
				GCC_OPTIMIZATION_LEVEL = 0;
				GCC_PREPROCESSOR_DEFINITIONS = (
					"DEBUG=1",
					"$(inherited)",
				);
				GCC_WARN_64_TO_32_BIT_CONVERSION = YES;
				GCC_WARN_ABOUT_RETURN_TYPE = YES_ERROR;
				GCC_WARN_UNDECLARED_SELECTOR = YES;
				GCC_WARN_UNINITIALIZED_AUTOS = YES_AGGRESSIVE;
				GCC_WARN_UNUSED_FUNCTION = YES;
				GCC_WARN_UNUSED_VARIABLE = YES;
				IPHONEOS_DEPLOYMENT_TARGET = 12.1;
				MTL_ENABLE_DEBUG_INFO = INCLUDE_SOURCE;
				MTL_FAST_MATH = YES;
				ONLY_ACTIVE_ARCH = YES;
				SDKROOT = iphoneos;
				SWIFT_ACTIVE_COMPILATION_CONDITIONS = DEBUG;
				SWIFT_OPTIMIZATION_LEVEL = "-Onone";
			};
			name = Debug;
		};
		0035A3812264A37000B03ACC /* Release */ = {
			isa = XCBuildConfiguration;
			buildSettings = {
				ALWAYS_SEARCH_USER_PATHS = NO;
				CLANG_ANALYZER_NONNULL = YES;
				CLANG_ANALYZER_NUMBER_OBJECT_CONVERSION = YES_AGGRESSIVE;
				CLANG_CXX_LANGUAGE_STANDARD = "gnu++14";
				CLANG_CXX_LIBRARY = "libc++";
				CLANG_ENABLE_MODULES = YES;
				CLANG_ENABLE_OBJC_ARC = YES;
				CLANG_ENABLE_OBJC_WEAK = YES;
				CLANG_WARN_BLOCK_CAPTURE_AUTORELEASING = YES;
				CLANG_WARN_BOOL_CONVERSION = YES;
				CLANG_WARN_COMMA = YES;
				CLANG_WARN_CONSTANT_CONVERSION = YES;
				CLANG_WARN_DEPRECATED_OBJC_IMPLEMENTATIONS = YES;
				CLANG_WARN_DIRECT_OBJC_ISA_USAGE = YES_ERROR;
				CLANG_WARN_DOCUMENTATION_COMMENTS = YES;
				CLANG_WARN_EMPTY_BODY = YES;
				CLANG_WARN_ENUM_CONVERSION = YES;
				CLANG_WARN_INFINITE_RECURSION = YES;
				CLANG_WARN_INT_CONVERSION = YES;
				CLANG_WARN_NON_LITERAL_NULL_CONVERSION = YES;
				CLANG_WARN_OBJC_IMPLICIT_RETAIN_SELF = YES;
				CLANG_WARN_OBJC_LITERAL_CONVERSION = YES;
				CLANG_WARN_OBJC_ROOT_CLASS = YES_ERROR;
				CLANG_WARN_RANGE_LOOP_ANALYSIS = YES;
				CLANG_WARN_STRICT_PROTOTYPES = YES;
				CLANG_WARN_SUSPICIOUS_MOVE = YES;
				CLANG_WARN_UNGUARDED_AVAILABILITY = YES_AGGRESSIVE;
				CLANG_WARN_UNREACHABLE_CODE = YES;
				CLANG_WARN__DUPLICATE_METHOD_MATCH = YES;
				CODE_SIGN_IDENTITY = "iPhone Developer";
				COPY_PHASE_STRIP = NO;
				DEBUG_INFORMATION_FORMAT = "dwarf-with-dsym";
				ENABLE_NS_ASSERTIONS = NO;
				ENABLE_STRICT_OBJC_MSGSEND = YES;
				GCC_C_LANGUAGE_STANDARD = gnu11;
				GCC_NO_COMMON_BLOCKS = YES;
				GCC_WARN_64_TO_32_BIT_CONVERSION = YES;
				GCC_WARN_ABOUT_RETURN_TYPE = YES_ERROR;
				GCC_WARN_UNDECLARED_SELECTOR = YES;
				GCC_WARN_UNINITIALIZED_AUTOS = YES_AGGRESSIVE;
				GCC_WARN_UNUSED_FUNCTION = YES;
				GCC_WARN_UNUSED_VARIABLE = YES;
				IPHONEOS_DEPLOYMENT_TARGET = 12.1;
				MTL_ENABLE_DEBUG_INFO = NO;
				MTL_FAST_MATH = YES;
				SDKROOT = iphoneos;
				SWIFT_COMPILATION_MODE = wholemodule;
				SWIFT_OPTIMIZATION_LEVEL = "-O";
				VALIDATE_PRODUCT = YES;
			};
			name = Release;
		};
		0035A3832264A37000B03ACC /* Debug */ = {
			isa = XCBuildConfiguration;
			baseConfigurationReference = A90775DD809CAE0208DA5134 /* Pods-NetWorkingTool.debug.xcconfig */;
			buildSettings = {
				ASSETCATALOG_COMPILER_APPICON_NAME = AppIcon;
				CODE_SIGN_STYLE = Automatic;
				DEVELOPMENT_TEAM = 67GM9ZTA2J;
				INFOPLIST_FILE = NetWorkingTool/Info.plist;
				IPHONEOS_DEPLOYMENT_TARGET = 10.0;
				LD_RUNPATH_SEARCH_PATHS = (
					"$(inherited)",
					"@executable_path/Frameworks",
				);
				PRODUCT_BUNDLE_IDENTIFIER = a.NetWorkingTool;
				PRODUCT_NAME = "$(TARGET_NAME)";
				SWIFT_VERSION = 4.2;
				TARGETED_DEVICE_FAMILY = "1,2";
			};
			name = Debug;
		};
		0035A3842264A37000B03ACC /* Release */ = {
			isa = XCBuildConfiguration;
			baseConfigurationReference = 3A7BE9861A41B2AD13F4D3C1 /* Pods-NetWorkingTool.release.xcconfig */;
			buildSettings = {
				ASSETCATALOG_COMPILER_APPICON_NAME = AppIcon;
				CODE_SIGN_STYLE = Automatic;
				DEVELOPMENT_TEAM = 67GM9ZTA2J;
				INFOPLIST_FILE = NetWorkingTool/Info.plist;
				IPHONEOS_DEPLOYMENT_TARGET = 10.0;
				LD_RUNPATH_SEARCH_PATHS = (
					"$(inherited)",
					"@executable_path/Frameworks",
				);
				PRODUCT_BUNDLE_IDENTIFIER = a.NetWorkingTool;
				PRODUCT_NAME = "$(TARGET_NAME)";
				SWIFT_VERSION = 4.2;
				TARGETED_DEVICE_FAMILY = "1,2";
			};
			name = Release;
		};
/* End XCBuildConfiguration section */

/* Begin XCConfigurationList section */
		0035A36B2264A36F00B03ACC /* Build configuration list for PBXProject "NetWorkingTool" */ = {
			isa = XCConfigurationList;
			buildConfigurations = (
				0035A3802264A37000B03ACC /* Debug */,
				0035A3812264A37000B03ACC /* Release */,
			);
			defaultConfigurationIsVisible = 0;
			defaultConfigurationName = Release;
		};
		0035A3822264A37000B03ACC /* Build configuration list for PBXNativeTarget "NetWorkingTool" */ = {
			isa = XCConfigurationList;
			buildConfigurations = (
				0035A3832264A37000B03ACC /* Debug */,
				0035A3842264A37000B03ACC /* Release */,
			);
			defaultConfigurationIsVisible = 0;
			defaultConfigurationName = Release;
		};
/* End XCConfigurationList section */
	};
	rootObject = 0035A3682264A36F00B03ACC /* Project object */;
}
